
Microsoft Visual Studio Solution File, Format Version 12.00
# Visual Studio Version 17
VisualStudioVersion = 17.14.36301.6
MinimumVisualStudioVersion = 10.0.40219.1
Project("{54A90642-561A-4BB1-A94E-469ADEE60C69}") = "phishingminds.client", "phishingminds.client\phishingminds.client.esproj", "{589BE684-DDDC-2C46-DB30-A2EF664BD389}"
EndProject
Project("{FAE04EC0-301F-11D3-BF4B-00C04F79EFBC}") = "PhishingMinds.Server", "PhishingMinds.Server\PhishingMinds.Server.csproj", "{8EC87B06-D59A-43B0-BCE3-2A750F2EFEC0}"
EndProject
Project("{2150E333-8FDC-42A3-9474-1A3956D46DE8}") = "Solution Items", "Solution Items", "{8EC462FD-D22E-90A8-E5CE-7E832BA40C5D}"
	ProjectSection(SolutionItems) = preProject
		phishing_minds.sql = phishing_minds.sql
		SQL_Dump.sql = SQL_Dump.sql
	EndProjectSection
EndProject
Global
	GlobalSection(SolutionConfigurationPlatforms) = preSolution
		Debug|Any CPU = Debug|Any CPU
		Release|Any CPU = Release|Any CPU
	EndGlobalSection
	GlobalSection(ProjectConfigurationPlatforms) = postSolution
		{589BE684-DDDC-2C46-DB30-A2EF664BD389}.Debug|Any CPU.ActiveCfg = Debug|Any CPU
		{589BE684-DDDC-2C46-DB30-A2EF664BD389}.Debug|Any CPU.Build.0 = Debug|Any CPU
		{589BE684-DDDC-2C46-DB30-A2EF664BD389}.Debug|Any CPU.Deploy.0 = Debug|Any CPU
		{589BE684-DDDC-2C46-DB30-A2EF664BD389}.Release|Any CPU.ActiveCfg = Release|Any CPU
		{589BE684-DDDC-2C46-DB30-A2EF664BD389}.Release|Any CPU.Build.0 = Release|Any CPU
		{589BE684-DDDC-2C46-DB30-A2EF664BD389}.Release|Any CPU.Deploy.0 = Release|Any CPU
		{8EC87B06-D59A-43B0-BCE3-2A750F2EFEC0}.Debug|Any CPU.ActiveCfg = Debug|Any CPU
		{8EC87B06-D59A-43B0-BCE3-2A750F2EFEC0}.Debug|Any CPU.Build.0 = Debug|Any CPU
		{8EC87B06-D59A-43B0-BCE3-2A750F2EFEC0}.Release|Any CPU.ActiveCfg = Release|Any CPU
		{8EC87B06-D59A-43B0-BCE3-2A750F2EFEC0}.Release|Any CPU.Build.0 = Release|Any CPU
	EndGlobalSection
	GlobalSection(SolutionProperties) = preSolution
		HideSolutionNode = FALSE
	EndGlobalSection
	GlobalSection(ExtensibilityGlobals) = postSolution
		SolutionGuid = {02AAC7A0-0DEE-4667-8866-563064129D7E}
	EndGlobalSection
EndGlobal
